// !$*UTF8*$!
{
	archiveVersion = 1;
	classes = {
	};
	objectVersion = 50;
	objects = {

/* Begin PBXBuildFile section */
		843C8D26277C94F70011F30E /* DetailsViewController.swift in Sources */ = {isa = PBXBuildFile; fileRef = 843C8D25277C94F70011F30E /* DetailsViewController.swift */; };
		845E5D0426C692E8009BFB0B /* AppDelegate.swift in Sources */ = {isa = PBXBuildFile; fileRef = 845E5D0326C692E8009BFB0B /* AppDelegate.swift */; };
		845E5D0626C692E8009BFB0B /* SceneDelegate.swift in Sources */ = {isa = PBXBuildFile; fileRef = 845E5D0526C692E8009BFB0B /* SceneDelegate.swift */; };
		845E5D0826C692E8009BFB0B /* MapViewController.swift in Sources */ = {isa = PBXBuildFile; fileRef = 845E5D0726C692E8009BFB0B /* MapViewController.swift */; };
		845E5D0B26C692E9009BFB0B /* Main.storyboard in Resources */ = {isa = PBXBuildFile; fileRef = 845E5D0926C692E9009BFB0B /* Main.storyboard */; };
		845E5D0E26C692E9009BFB0B /* AnalogMetroSpb.xcdatamodeld in Sources */ = {isa = PBXBuildFile; fileRef = 845E5D0C26C692E9009BFB0B /* AnalogMetroSpb.xcdatamodeld */; };
		845E5D1026C692EC009BFB0B /* Assets.xcassets in Resources */ = {isa = PBXBuildFile; fileRef = 845E5D0F26C692EC009BFB0B /* Assets.xcassets */; };
		845E5D1326C692EC009BFB0B /* LaunchScreen.storyboard in Resources */ = {isa = PBXBuildFile; fileRef = 845E5D1126C692EC009BFB0B /* LaunchScreen.storyboard */; };
		8486D313277D2EBA004AED60 /* DijkstrasAlgorithm.swift in Sources */ = {isa = PBXBuildFile; fileRef = 8486D312277D2EBA004AED60 /* DijkstrasAlgorithm.swift */; };
		84A7B37126CB9A4400476A60 /* Model.swift in Sources */ = {isa = PBXBuildFile; fileRef = 84A7B37026CB9A4400476A60 /* Model.swift */; };
		84A7B39826CBAF8300476A60 /* BezierCurves.swift in Sources */ = {isa = PBXBuildFile; fileRef = 84A7B39726CBAF8300476A60 /* BezierCurves.swift */; };
		84E88CFA2778A51600878C39 /* BigStationsFunc .swift in Sources */ = {isa = PBXBuildFile; fileRef = 84E88CF92778A51600878C39 /* BigStationsFunc .swift */; };
		84E88CFC2778A67B00878C39 /* SmallStationsFunc.swift in Sources */ = {isa = PBXBuildFile; fileRef = 84E88CFB2778A67B00878C39 /* SmallStationsFunc.swift */; };
		84E88D002778BB2400878C39 /* VertexesAndEdgesAddingToGraph.swift in Sources */ = {isa = PBXBuildFile; fileRef = 84E88CFF2778BB2400878C39 /* VertexesAndEdgesAddingToGraph.swift */; };
		84E88D022778D6D900878C39 /* GraphAndEdgesCreationFunc.swift in Sources */ = {isa = PBXBuildFile; fileRef = 84E88D012778D6D900878C39 /* GraphAndEdgesCreationFunc.swift */; };
		84E88D042778D80400878C39 /* Graph.swift in Sources */ = {isa = PBXBuildFile; fileRef = 84E88D032778D80400878C39 /* Graph.swift */; };
		C48D4D622AE396EC00E7A39A /* UIView+extensions.swift in Sources */ = {isa = PBXBuildFile; fileRef = C48D4D612AE396EC00E7A39A /* UIView+extensions.swift */; };
		C48D4D642AE3B2A800E7A39A /* PathCell.swift in Sources */ = {isa = PBXBuildFile; fileRef = C48D4D632AE3B2A800E7A39A /* PathCell.swift */; };
		C48D4D662AE3B70200E7A39A /* UINavigationBar+extensions.swift in Sources */ = {isa = PBXBuildFile; fileRef = C48D4D652AE3B70200E7A39A /* UINavigationBar+extensions.swift */; };
/* End PBXBuildFile section */

/* Begin PBXFileReference section */
		843C8D25277C94F70011F30E /* DetailsViewController.swift */ = {isa = PBXFileReference; lastKnownFileType = sourcecode.swift; path = DetailsViewController.swift; sourceTree = "<group>"; };
		845E5D0026C692E8009BFB0B /* MetroSpb.app */ = {isa = PBXFileReference; explicitFileType = wrapper.application; includeInIndex = 0; path = MetroSpb.app; sourceTree = BUILT_PRODUCTS_DIR; };
		845E5D0326C692E8009BFB0B /* AppDelegate.swift */ = {isa = PBXFileReference; lastKnownFileType = sourcecode.swift; path = AppDelegate.swift; sourceTree = "<group>"; };
		845E5D0526C692E8009BFB0B /* SceneDelegate.swift */ = {isa = PBXFileReference; lastKnownFileType = sourcecode.swift; path = SceneDelegate.swift; sourceTree = "<group>"; };
		845E5D0726C692E8009BFB0B /* MapViewController.swift */ = {isa = PBXFileReference; lastKnownFileType = sourcecode.swift; path = MapViewController.swift; sourceTree = "<group>"; };
		845E5D0A26C692E9009BFB0B /* Base */ = {isa = PBXFileReference; lastKnownFileType = file.storyboard; name = Base; path = Base.lproj/Main.storyboard; sourceTree = "<group>"; };
		845E5D0D26C692E9009BFB0B /* AnalogMetroSpb.xcdatamodel */ = {isa = PBXFileReference; lastKnownFileType = wrapper.xcdatamodel; path = AnalogMetroSpb.xcdatamodel; sourceTree = "<group>"; };
		845E5D0F26C692EC009BFB0B /* Assets.xcassets */ = {isa = PBXFileReference; lastKnownFileType = folder.assetcatalog; path = Assets.xcassets; sourceTree = "<group>"; };
		845E5D1226C692EC009BFB0B /* Base */ = {isa = PBXFileReference; lastKnownFileType = file.storyboard; name = Base; path = Base.lproj/LaunchScreen.storyboard; sourceTree = "<group>"; };
		845E5D1426C692EC009BFB0B /* Info.plist */ = {isa = PBXFileReference; lastKnownFileType = text.plist.xml; path = Info.plist; sourceTree = "<group>"; };
		8486D312277D2EBA004AED60 /* DijkstrasAlgorithm.swift */ = {isa = PBXFileReference; lastKnownFileType = sourcecode.swift; path = DijkstrasAlgorithm.swift; sourceTree = "<group>"; };
		84A7B37026CB9A4400476A60 /* Model.swift */ = {isa = PBXFileReference; lastKnownFileType = sourcecode.swift; path = Model.swift; sourceTree = "<group>"; };
		84A7B39726CBAF8300476A60 /* BezierCurves.swift */ = {isa = PBXFileReference; lastKnownFileType = sourcecode.swift; path = BezierCurves.swift; sourceTree = "<group>"; };
		84E88CF92778A51600878C39 /* BigStationsFunc .swift */ = {isa = PBXFileReference; lastKnownFileType = sourcecode.swift; path = "BigStationsFunc .swift"; sourceTree = "<group>"; };
		84E88CFB2778A67B00878C39 /* SmallStationsFunc.swift */ = {isa = PBXFileReference; lastKnownFileType = sourcecode.swift; path = SmallStationsFunc.swift; sourceTree = "<group>"; };
		84E88CFF2778BB2400878C39 /* VertexesAndEdgesAddingToGraph.swift */ = {isa = PBXFileReference; lastKnownFileType = sourcecode.swift; path = VertexesAndEdgesAddingToGraph.swift; sourceTree = "<group>"; };
		84E88D012778D6D900878C39 /* GraphAndEdgesCreationFunc.swift */ = {isa = PBXFileReference; lastKnownFileType = sourcecode.swift; path = GraphAndEdgesCreationFunc.swift; sourceTree = "<group>"; };
		84E88D032778D80400878C39 /* Graph.swift */ = {isa = PBXFileReference; lastKnownFileType = sourcecode.swift; path = Graph.swift; sourceTree = "<group>"; };
		C48D4D612AE396EC00E7A39A /* UIView+extensions.swift */ = {isa = PBXFileReference; lastKnownFileType = sourcecode.swift; path = "UIView+extensions.swift"; sourceTree = "<group>"; };
		C48D4D632AE3B2A800E7A39A /* PathCell.swift */ = {isa = PBXFileReference; lastKnownFileType = sourcecode.swift; path = PathCell.swift; sourceTree = "<group>"; };
		C48D4D652AE3B70200E7A39A /* UINavigationBar+extensions.swift */ = {isa = PBXFileReference; lastKnownFileType = sourcecode.swift; path = "UINavigationBar+extensions.swift"; sourceTree = "<group>"; };
/* End PBXFileReference section */

/* Begin PBXFrameworksBuildPhase section */
		845E5CFD26C692E8009BFB0B /* Frameworks */ = {
			isa = PBXFrameworksBuildPhase;
			buildActionMask = 2147483647;
			files = (
			);
			runOnlyForDeploymentPostprocessing = 0;
		};
/* End PBXFrameworksBuildPhase section */

/* Begin PBXGroup section */
		845E5CF726C692E8009BFB0B = {
			isa = PBXGroup;
			children = (
				845E5D0226C692E8009BFB0B /* AnalogMetroSpb */,
				845E5D0126C692E8009BFB0B /* Products */,
			);
			sourceTree = "<group>";
		};
		845E5D0126C692E8009BFB0B /* Products */ = {
			isa = PBXGroup;
			children = (
				845E5D0026C692E8009BFB0B /* MetroSpb.app */,
			);
			name = Products;
			sourceTree = "<group>";
		};
		845E5D0226C692E8009BFB0B /* AnalogMetroSpb */ = {
			isa = PBXGroup;
			children = (
				845E5D0326C692E8009BFB0B /* AppDelegate.swift */,
				845E5D0526C692E8009BFB0B /* SceneDelegate.swift */,
				84E88CF82778A1A900878C39 /* MVC */,
				845E5D0926C692E9009BFB0B /* Main.storyboard */,
				845E5D1126C692EC009BFB0B /* LaunchScreen.storyboard */,
				845E5D0F26C692EC009BFB0B /* Assets.xcassets */,
				845E5D1426C692EC009BFB0B /* Info.plist */,
				845E5D0C26C692E9009BFB0B /* AnalogMetroSpb.xcdatamodeld */,
			);
			path = AnalogMetroSpb;
			sourceTree = "<group>";
		};
		84E88CF82778A1A900878C39 /* MVC */ = {
			isa = PBXGroup;
			children = (
				845E5D0726C692E8009BFB0B /* MapViewController.swift */,
				843C8D25277C94F70011F30E /* DetailsViewController.swift */,
				C48D4D632AE3B2A800E7A39A /* PathCell.swift */,
				84A7B39726CBAF8300476A60 /* BezierCurves.swift */,
				84E88CFB2778A67B00878C39 /* SmallStationsFunc.swift */,
				84E88CF92778A51600878C39 /* BigStationsFunc .swift */,
				84E88CFF2778BB2400878C39 /* VertexesAndEdgesAddingToGraph.swift */,
				84E88D012778D6D900878C39 /* GraphAndEdgesCreationFunc.swift */,
				84A7B37026CB9A4400476A60 /* Model.swift */,
				84E88D032778D80400878C39 /* Graph.swift */,
				8486D312277D2EBA004AED60 /* DijkstrasAlgorithm.swift */,
				C48D4D612AE396EC00E7A39A /* UIView+extensions.swift */,
				C48D4D652AE3B70200E7A39A /* UINavigationBar+extensions.swift */,
			);
			path = MVC;
			sourceTree = "<group>";
		};
/* End PBXGroup section */

/* Begin PBXNativeTarget section */
		845E5CFF26C692E8009BFB0B /* MetroSpb */ = {
			isa = PBXNativeTarget;
			buildConfigurationList = 845E5D1726C692EC009BFB0B /* Build configuration list for PBXNativeTarget "MetroSpb" */;
			buildPhases = (
				845E5CFC26C692E8009BFB0B /* Sources */,
				845E5CFD26C692E8009BFB0B /* Frameworks */,
				845E5CFE26C692E8009BFB0B /* Resources */,
			);
			buildRules = (
			);
			dependencies = (
			);
			name = MetroSpb;
			productName = AnalogMetroSpb;
			productReference = 845E5D0026C692E8009BFB0B /* MetroSpb.app */;
			productType = "com.apple.product-type.application";
		};
/* End PBXNativeTarget section */

/* Begin PBXProject section */
		845E5CF826C692E8009BFB0B /* Project object */ = {
			isa = PBXProject;
			attributes = {
				LastSwiftUpdateCheck = 1250;
				LastUpgradeCheck = 1250;
				TargetAttributes = {
					845E5CFF26C692E8009BFB0B = {
						CreatedOnToolsVersion = 12.5.1;
					};
				};
			};
			buildConfigurationList = 845E5CFB26C692E8009BFB0B /* Build configuration list for PBXProject "MetroSpb" */;
			compatibilityVersion = "Xcode 9.3";
			developmentRegion = en;
			hasScannedForEncodings = 0;
			knownRegions = (
				en,
				Base,
			);
			mainGroup = 845E5CF726C692E8009BFB0B;
			productRefGroup = 845E5D0126C692E8009BFB0B /* Products */;
			projectDirPath = "";
			projectRoot = "";
			targets = (
				845E5CFF26C692E8009BFB0B /* MetroSpb */,
			);
		};
/* End PBXProject section */

/* Begin PBXResourcesBuildPhase section */
		845E5CFE26C692E8009BFB0B /* Resources */ = {
			isa = PBXResourcesBuildPhase;
			buildActionMask = 2147483647;
			files = (
				845E5D1326C692EC009BFB0B /* LaunchScreen.storyboard in Resources */,
				845E5D1026C692EC009BFB0B /* Assets.xcassets in Resources */,
				845E5D0B26C692E9009BFB0B /* Main.storyboard in Resources */,
			);
			runOnlyForDeploymentPostprocessing = 0;
		};
/* End PBXResourcesBuildPhase section */

/* Begin PBXSourcesBuildPhase section */
		845E5CFC26C692E8009BFB0B /* Sources */ = {
			isa = PBXSourcesBuildPhase;
			buildActionMask = 2147483647;
			files = (
				C48D4D622AE396EC00E7A39A /* UIView+extensions.swift in Sources */,
				84E88D022778D6D900878C39 /* GraphAndEdgesCreationFunc.swift in Sources */,
				C48D4D662AE3B70200E7A39A /* UINavigationBar+extensions.swift in Sources */,
				84A7B39826CBAF8300476A60 /* BezierCurves.swift in Sources */,
				845E5D0826C692E8009BFB0B /* MapViewController.swift in Sources */,
				845E5D0E26C692E9009BFB0B /* AnalogMetroSpb.xcdatamodeld in Sources */,
				845E5D0426C692E8009BFB0B /* AppDelegate.swift in Sources */,
				84E88D042778D80400878C39 /* Graph.swift in Sources */,
				84E88CFA2778A51600878C39 /* BigStationsFunc .swift in Sources */,
				8486D313277D2EBA004AED60 /* DijkstrasAlgorithm.swift in Sources */,
				84E88D002778BB2400878C39 /* VertexesAndEdgesAddingToGraph.swift in Sources */,
				C48D4D642AE3B2A800E7A39A /* PathCell.swift in Sources */,
				84A7B37126CB9A4400476A60 /* Model.swift in Sources */,
				84E88CFC2778A67B00878C39 /* SmallStationsFunc.swift in Sources */,
				845E5D0626C692E8009BFB0B /* SceneDelegate.swift in Sources */,
				843C8D26277C94F70011F30E /* DetailsViewController.swift in Sources */,
			);
			runOnlyForDeploymentPostprocessing = 0;
		};
/* End PBXSourcesBuildPhase section */

/* Begin PBXVariantGroup section */
		845E5D0926C692E9009BFB0B /* Main.storyboard */ = {
			isa = PBXVariantGroup;
			children = (
				845E5D0A26C692E9009BFB0B /* Base */,
			);
			name = Main.storyboard;
			sourceTree = "<group>";
		};
		845E5D1126C692EC009BFB0B /* LaunchScreen.storyboard */ = {
			isa = PBXVariantGroup;
			children = (
				845E5D1226C692EC009BFB0B /* Base */,
			);
			name = LaunchScreen.storyboard;
			sourceTree = "<group>";
		};
/* End PBXVariantGroup section */

/* Begin XCBuildConfiguration section */
		845E5D1526C692EC009BFB0B /* Debug */ = {
			isa = XCBuildConfiguration;
			buildSettings = {
				ALWAYS_SEARCH_USER_PATHS = NO;
				CLANG_ANALYZER_NONNULL = YES;
				CLANG_ANALYZER_NUMBER_OBJECT_CONVERSION = YES_AGGRESSIVE;
				CLANG_CXX_LANGUAGE_STANDARD = "gnu++14";
				CLANG_CXX_LIBRARY = "libc++";
				CLANG_ENABLE_MODULES = YES;
				CLANG_ENABLE_OBJC_ARC = YES;
				CLANG_ENABLE_OBJC_WEAK = YES;
				CLANG_WARN_BLOCK_CAPTURE_AUTORELEASING = YES;
				CLANG_WARN_BOOL_CONVERSION = YES;
				CLANG_WARN_COMMA = YES;
				CLANG_WARN_CONSTANT_CONVERSION = YES;
				CLANG_WARN_DEPRECATED_OBJC_IMPLEMENTATIONS = YES;
				CLANG_WARN_DIRECT_OBJC_ISA_USAGE = YES_ERROR;
				CLANG_WARN_DOCUMENTATION_COMMENTS = YES;
				CLANG_WARN_EMPTY_BODY = YES;
				CLANG_WARN_ENUM_CONVERSION = YES;
				CLANG_WARN_INFINITE_RECURSION = YES;
				CLANG_WARN_INT_CONVERSION = YES;
				CLANG_WARN_NON_LITERAL_NULL_CONVERSION = YES;
				CLANG_WARN_OBJC_IMPLICIT_RETAIN_SELF = YES;
				CLANG_WARN_OBJC_LITERAL_CONVERSION = YES;
				CLANG_WARN_OBJC_ROOT_CLASS = YES_ERROR;
				CLANG_WARN_QUOTED_INCLUDE_IN_FRAMEWORK_HEADER = YES;
				CLANG_WARN_RANGE_LOOP_ANALYSIS = YES;
				CLANG_WARN_STRICT_PROTOTYPES = YES;
				CLANG_WARN_SUSPICIOUS_MOVE = YES;
				CLANG_WARN_UNGUARDED_AVAILABILITY = YES_AGGRESSIVE;
				CLANG_WARN_UNREACHABLE_CODE = YES;
				CLANG_WARN__DUPLICATE_METHOD_MATCH = YES;
				COPY_PHASE_STRIP = NO;
				DEBUG_INFORMATION_FORMAT = dwarf;
				ENABLE_STRICT_OBJC_MSGSEND = YES;
				ENABLE_TESTABILITY = YES;
				GCC_C_LANGUAGE_STANDARD = gnu11;
				GCC_DYNAMIC_NO_PIC = NO;
				GCC_NO_COMMON_BLOCKS = YES;
				GCC_OPTIMIZATION_LEVEL = 0;
				GCC_PREPROCESSOR_DEFINITIONS = (
					"DEBUG=1",
					"$(inherited)",
				);
				GCC_WARN_64_TO_32_BIT_CONVERSION = YES;
				GCC_WARN_ABOUT_RETURN_TYPE = YES_ERROR;
				GCC_WARN_UNDECLARED_SELECTOR = YES;
				GCC_WARN_UNINITIALIZED_AUTOS = YES_AGGRESSIVE;
				GCC_WARN_UNUSED_FUNCTION = YES;
				GCC_WARN_UNUSED_VARIABLE = YES;
				IPHONEOS_DEPLOYMENT_TARGET = 14.5;
				MTL_ENABLE_DEBUG_INFO = INCLUDE_SOURCE;
				MTL_FAST_MATH = YES;
				ONLY_ACTIVE_ARCH = YES;
				SDKROOT = iphoneos;
				SWIFT_ACTIVE_COMPILATION_CONDITIONS = DEBUG;
				SWIFT_OPTIMIZATION_LEVEL = "-Onone";
			};
			name = Debug;
		};
		845E5D1626C692EC009BFB0B /* Release */ = {
			isa = XCBuildConfiguration;
			buildSettings = {
				ALWAYS_SEARCH_USER_PATHS = NO;
				CLANG_ANALYZER_NONNULL = YES;
				CLANG_ANALYZER_NUMBER_OBJECT_CONVERSION = YES_AGGRESSIVE;
				CLANG_CXX_LANGUAGE_STANDARD = "gnu++14";
				CLANG_CXX_LIBRARY = "libc++";
				CLANG_ENABLE_MODULES = YES;
				CLANG_ENABLE_OBJC_ARC = YES;
				CLANG_ENABLE_OBJC_WEAK = YES;
				CLANG_WARN_BLOCK_CAPTURE_AUTORELEASING = YES;
				CLANG_WARN_BOOL_CONVERSION = YES;
				CLANG_WARN_COMMA = YES;
				CLANG_WARN_CONSTANT_CONVERSION = YES;
				CLANG_WARN_DEPRECATED_OBJC_IMPLEMENTATIONS = YES;
				CLANG_WARN_DIRECT_OBJC_ISA_USAGE = YES_ERROR;
				CLANG_WARN_DOCUMENTATION_COMMENTS = YES;
				CLANG_WARN_EMPTY_BODY = YES;
				CLANG_WARN_ENUM_CONVERSION = YES;
				CLANG_WARN_INFINITE_RECURSION = YES;
				CLANG_WARN_INT_CONVERSION = YES;
				CLANG_WARN_NON_LITERAL_NULL_CONVERSION = YES;
				CLANG_WARN_OBJC_IMPLICIT_RETAIN_SELF = YES;
				CLANG_WARN_OBJC_LITERAL_CONVERSION = YES;
				CLANG_WARN_OBJC_ROOT_CLASS = YES_ERROR;
				CLANG_WARN_QUOTED_INCLUDE_IN_FRAMEWORK_HEADER = YES;
				CLANG_WARN_RANGE_LOOP_ANALYSIS = YES;
				CLANG_WARN_STRICT_PROTOTYPES = YES;
				CLANG_WARN_SUSPICIOUS_MOVE = YES;
				CLANG_WARN_UNGUARDED_AVAILABILITY = YES_AGGRESSIVE;
				CLANG_WARN_UNREACHABLE_CODE = YES;
				CLANG_WARN__DUPLICATE_METHOD_MATCH = YES;
				COPY_PHASE_STRIP = NO;
				DEBUG_INFORMATION_FORMAT = "dwarf-with-dsym";
				ENABLE_NS_ASSERTIONS = NO;
				ENABLE_STRICT_OBJC_MSGSEND = YES;
				GCC_C_LANGUAGE_STANDARD = gnu11;
				GCC_NO_COMMON_BLOCKS = YES;
				GCC_WARN_64_TO_32_BIT_CONVERSION = YES;
				GCC_WARN_ABOUT_RETURN_TYPE = YES_ERROR;
				GCC_WARN_UNDECLARED_SELECTOR = YES;
				GCC_WARN_UNINITIALIZED_AUTOS = YES_AGGRESSIVE;
				GCC_WARN_UNUSED_FUNCTION = YES;
				GCC_WARN_UNUSED_VARIABLE = YES;
				IPHONEOS_DEPLOYMENT_TARGET = 14.5;
				MTL_ENABLE_DEBUG_INFO = NO;
				MTL_FAST_MATH = YES;
				SDKROOT = iphoneos;
				SWIFT_COMPILATION_MODE = wholemodule;
				SWIFT_OPTIMIZATION_LEVEL = "-O";
				VALIDATE_PRODUCT = YES;
			};
			name = Release;
		};
		845E5D1826C692EC009BFB0B /* Debug */ = {
			isa = XCBuildConfiguration;
			buildSettings = {
				ASSETCATALOG_COMPILER_APPICON_NAME = AppIcon;
				ASSETCATALOG_COMPILER_GLOBAL_ACCENT_COLOR_NAME = AccentColor;
				CODE_SIGN_STYLE = Automatic;
				DEVELOPMENT_TEAM = 62XGY8QWW9;
				INFOPLIST_FILE = AnalogMetroSpb/Info.plist;
				LD_RUNPATH_SEARCH_PATHS = (
					"$(inherited)",
					"@executable_path/Frameworks",
				);
				PRODUCT_BUNDLE_IDENTIFIER = "-77.AnalogMetroSpb";
				PRODUCT_NAME = "$(TARGET_NAME)";
				SWIFT_VERSION = 5.0;
				TARGETED_DEVICE_FAMILY = "1,2";
			};
			name = Debug;
		};
		845E5D1926C692EC009BFB0B /* Release */ = {
			isa = XCBuildConfiguration;
			buildSettings = {
				ASSETCATALOG_COMPILER_APPICON_NAME = AppIcon;
				ASSETCATALOG_COMPILER_GLOBAL_ACCENT_COLOR_NAME = AccentColor;
				CODE_SIGN_STYLE = Automatic;
				DEVELOPMENT_TEAM = 62XGY8QWW9;
				INFOPLIST_FILE = AnalogMetroSpb/Info.plist;
				LD_RUNPATH_SEARCH_PATHS = (
					"$(inherited)",
					"@executable_path/Frameworks",
				);
				PRODUCT_BUNDLE_IDENTIFIER = "-77.AnalogMetroSpb";
				PRODUCT_NAME = "$(TARGET_NAME)";
				SWIFT_VERSION = 5.0;
				TARGETED_DEVICE_FAMILY = "1,2";
			};
			name = Release;
		};
/* End XCBuildConfiguration section */

/* Begin XCConfigurationList section */
		845E5CFB26C692E8009BFB0B /* Build configuration list for PBXProject "MetroSpb" */ = {
			isa = XCConfigurationList;
			buildConfigurations = (
				845E5D1526C692EC009BFB0B /* Debug */,
				845E5D1626C692EC009BFB0B /* Release */,
			);
			defaultConfigurationIsVisible = 0;
			defaultConfigurationName = Release;
		};
		845E5D1726C692EC009BFB0B /* Build configuration list for PBXNativeTarget "MetroSpb" */ = {
			isa = XCConfigurationList;
			buildConfigurations = (
				845E5D1826C692EC009BFB0B /* Debug */,
				845E5D1926C692EC009BFB0B /* Release */,
			);
			defaultConfigurationIsVisible = 0;
			defaultConfigurationName = Release;
		};
/* End XCConfigurationList section */

/* Begin XCVersionGroup section */
		845E5D0C26C692E9009BFB0B /* AnalogMetroSpb.xcdatamodeld */ = {
			isa = XCVersionGroup;
			children = (
				845E5D0D26C692E9009BFB0B /* AnalogMetroSpb.xcdatamodel */,
			);
			currentVersion = 845E5D0D26C692E9009BFB0B /* AnalogMetroSpb.xcdatamodel */;
			path = AnalogMetroSpb.xcdatamodeld;
			sourceTree = "<group>";
			versionGroupType = wrapper.xcdatamodel;
		};
/* End XCVersionGroup section */
	};
	rootObject = 845E5CF826C692E8009BFB0B /* Project object */;
}
